# This file is autogenerated, do not edit; changes may be undone by the next 'dep ensure'.


[[projects]]
  digest = "1:8c7fb7f81c06add10a17362abc1ae569ff9765a26c061c6b6e67c909f4f414db"
  name = "github.com/hashicorp/go-version"
  packages = ["."]
  pruneopts = ""
  revision = "b5a281d3160aa11950a6182bd9a9dc2cb1e02d50"
  version = "v1.0.0"

[[projects]]
  digest = "1:b60a24f942c7031ece6c48bcab0b683c7d3d6aa9fd17e21459d9ae604da258fa"
  name = "github.com/kelseyhightower/envconfig"
  packages = ["."]
  pruneopts = ""
  revision = "f611eb38b3875cc3bd991ca91c51d06446afa14c"
  version = "v1.3.0"

[solve-meta]
  analyzer-name = "dep"
  analyzer-version = 1
  input-imports = [
    "github.com/hashicorp/go-version",
    "github.com/kelseyhightower/envconfig",
  ]
  solver-name = "gps-cdcl"
  solver-version = 1
